
Microsoft Visual Studio Solution File, Format Version 12.00
# Visual Studio Version 17
VisualStudioVersion = 17.9.34607.119
MinimumVisualStudioVersion = 10.0.40219.1
Project("{FAE04EC0-301F-11D3-BF4B-00C04F79EFBC}") = "20.02.2024 - Nesne tabanlı programlama", "20.02.2024 - Nesne tabanlı programlama\20.02.2024 - Nesne tabanlı programlama.csproj", "{A7727E82-3687-4BC1-93F0-CF6CC326BDB7}"
EndProject
Global
	GlobalSection(SolutionConfigurationPlatforms) = preSolution
		Debug|Any CPU = Debug|Any CPU
		Release|Any CPU = Release|Any CPU
	EndGlobalSection
	GlobalSection(ProjectConfigurationPlatforms) = postSolution
		{A7727E82-3687-4BC1-93F0-CF6CC326BDB7}.Debug|Any CPU.ActiveCfg = Debug|Any CPU
		{A7727E82-3687-4BC1-93F0-CF6CC326BDB7}.Debug|Any CPU.Build.0 = Debug|Any CPU
		{A7727E82-3687-4BC1-93F0-CF6CC326BDB7}.Release|Any CPU.ActiveCfg = Release|Any CPU
		{A7727E82-3687-4BC1-93F0-CF6CC326BDB7}.Release|Any CPU.Build.0 = Release|Any CPU
	EndGlobalSection
	GlobalSection(SolutionProperties) = preSolution
		HideSolutionNode = FALSE
	EndGlobalSection
	GlobalSection(ExtensibilityGlobals) = postSolution
		SolutionGuid = {DF1766D9-BAAF-42F7-8B7F-683A0F629366}
	EndGlobalSection
EndGlobal
